
Microsoft Visual Studio Solution File, Format Version 12.00
# Visual Studio Version 16
VisualStudioVersion = 16.0.28917.181
MinimumVisualStudioVersion = 15.0.26124.0
Project("{2150E333-8FDC-42A3-9474-1A3956D46DE8}") = "src", "src", "{F7BB401B-D532-4292-8050-4C6F98ED1CEA}"
EndProject
Project("{9A19103F-16F7-4668-BE54-9A1E7A4F7556}") = "Cimpress.Cimbol", "src\Cimpress.Cimbol\Cimpress.Cimbol.csproj", "{AC5DAE6A-917C-4FB2-B631-747CB94C1C2C}"
EndProject
Project("{9A19103F-16F7-4668-BE54-9A1E7A4F7556}") = "Cimpress.Cimbol.Compiler", "src\Cimpress.Cimbol.Compiler\Cimpress.Cimbol.Compiler.csproj", "{AAA369EF-30E9-4F6A-848F-F4D100625431}"
EndProject
Project("{9A19103F-16F7-4668-BE54-9A1E7A4F7556}") = "Cimpress.Cimbol.Runtime", "src\Cimpress.Cimbol.Runtime\Cimpress.Cimbol.Runtime.csproj", "{26A17A91-1E36-427D-BE92-79D6EFCC7BD5}"
EndProject
Project("{2150E333-8FDC-42A3-9474-1A3956D46DE8}") = "test", "test", "{80C45264-7EF1-413C-9C1B-6C8BD70C7FA3}"
EndProject
Project("{9A19103F-16F7-4668-BE54-9A1E7A4F7556}") = "Cimpress.Cimbol.IntegrationTests", "test\Cimpress.Cimbol.IntegrationTests\Cimpress.Cimbol.IntegrationTests.csproj", "{2AC8C390-D679-4212-8EBA-AAF262729510}"
EndProject
Project("{9A19103F-16F7-4668-BE54-9A1E7A4F7556}") = "Cimpress.Cimbol.UnitTests", "test\Cimpress.Cimbol.UnitTests\Cimpress.Cimbol.UnitTests.csproj", "{0D3262A2-B3F1-45FE-9AC7-F19987C47D9D}"
EndProject
Project("{9A19103F-16F7-4668-BE54-9A1E7A4F7556}") = "Cimpress.Cimbol.PerformanceTests", "test\Cimpress.Cimbol.PerformanceTests\Cimpress.Cimbol.PerformanceTests.csproj", "{530AE438-2B22-449D-ABF9-88A75C4129EC}"
EndProject
Global
	GlobalSection(SolutionConfigurationPlatforms) = preSolution
		Debug|Any CPU = Debug|Any CPU
		Debug|x64 = Debug|x64
		Debug|x86 = Debug|x86
		Release|Any CPU = Release|Any CPU
		Release|x64 = Release|x64
		Release|x86 = Release|x86
	EndGlobalSection
	GlobalSection(ProjectConfigurationPlatforms) = postSolution
		{AAA369EF-30E9-4F6A-848F-F4D100625431}.Debug|Any CPU.ActiveCfg = Debug|Any CPU
		{AAA369EF-30E9-4F6A-848F-F4D100625431}.Debug|Any CPU.Build.0 = Debug|Any CPU
		{AAA369EF-30E9-4F6A-848F-F4D100625431}.Debug|x64.ActiveCfg = Debug|Any CPU
		{AAA369EF-30E9-4F6A-848F-F4D100625431}.Debug|x64.Build.0 = Debug|Any CPU
		{AAA369EF-30E9-4F6A-848F-F4D100625431}.Debug|x86.ActiveCfg = Debug|Any CPU
		{AAA369EF-30E9-4F6A-848F-F4D100625431}.Debug|x86.Build.0 = Debug|Any CPU
		{AAA369EF-30E9-4F6A-848F-F4D100625431}.Release|Any CPU.ActiveCfg = Release|Any CPU
		{AAA369EF-30E9-4F6A-848F-F4D100625431}.Release|Any CPU.Build.0 = Release|Any CPU
		{AAA369EF-30E9-4F6A-848F-F4D100625431}.Release|x64.ActiveCfg = Release|Any CPU
		{AAA369EF-30E9-4F6A-848F-F4D100625431}.Release|x64.Build.0 = Release|Any CPU
		{AAA369EF-30E9-4F6A-848F-F4D100625431}.Release|x86.ActiveCfg = Release|Any CPU
		{AAA369EF-30E9-4F6A-848F-F4D100625431}.Release|x86.Build.0 = Release|Any CPU
		{2AC8C390-D679-4212-8EBA-AAF262729510}.Debug|Any CPU.ActiveCfg = Debug|Any CPU
		{2AC8C390-D679-4212-8EBA-AAF262729510}.Debug|Any CPU.Build.0 = Debug|Any CPU
		{2AC8C390-D679-4212-8EBA-AAF262729510}.Debug|x64.ActiveCfg = Debug|Any CPU
		{2AC8C390-D679-4212-8EBA-AAF262729510}.Debug|x64.Build.0 = Debug|Any CPU
		{2AC8C390-D679-4212-8EBA-AAF262729510}.Debug|x86.ActiveCfg = Debug|Any CPU
		{2AC8C390-D679-4212-8EBA-AAF262729510}.Debug|x86.Build.0 = Debug|Any CPU
		{2AC8C390-D679-4212-8EBA-AAF262729510}.Release|Any CPU.ActiveCfg = Release|Any CPU
		{2AC8C390-D679-4212-8EBA-AAF262729510}.Release|Any CPU.Build.0 = Release|Any CPU
		{2AC8C390-D679-4212-8EBA-AAF262729510}.Release|x64.ActiveCfg = Release|Any CPU
		{2AC8C390-D679-4212-8EBA-AAF262729510}.Release|x64.Build.0 = Release|Any CPU
		{2AC8C390-D679-4212-8EBA-AAF262729510}.Release|x86.ActiveCfg = Release|Any CPU
		{2AC8C390-D679-4212-8EBA-AAF262729510}.Release|x86.Build.0 = Release|Any CPU
		{0D3262A2-B3F1-45FE-9AC7-F19987C47D9D}.Debug|Any CPU.ActiveCfg = Debug|Any CPU
		{0D3262A2-B3F1-45FE-9AC7-F19987C47D9D}.Debug|Any CPU.Build.0 = Debug|Any CPU
		{0D3262A2-B3F1-45FE-9AC7-F19987C47D9D}.Debug|x64.ActiveCfg = Debug|Any CPU
		{0D3262A2-B3F1-45FE-9AC7-F19987C47D9D}.Debug|x64.Build.0 = Debug|Any CPU
		{0D3262A2-B3F1-45FE-9AC7-F19987C47D9D}.Debug|x86.ActiveCfg = Debug|Any CPU
		{0D3262A2-B3F1-45FE-9AC7-F19987C47D9D}.Debug|x86.Build.0 = Debug|Any CPU
		{0D3262A2-B3F1-45FE-9AC7-F19987C47D9D}.Release|Any CPU.ActiveCfg = Release|Any CPU
		{0D3262A2-B3F1-45FE-9AC7-F19987C47D9D}.Release|Any CPU.Build.0 = Release|Any CPU
		{0D3262A2-B3F1-45FE-9AC7-F19987C47D9D}.Release|x64.ActiveCfg = Release|Any CPU
		{0D3262A2-B3F1-45FE-9AC7-F19987C47D9D}.Release|x64.Build.0 = Release|Any CPU
		{0D3262A2-B3F1-45FE-9AC7-F19987C47D9D}.Release|x86.ActiveCfg = Release|Any CPU
		{0D3262A2-B3F1-45FE-9AC7-F19987C47D9D}.Release|x86.Build.0 = Release|Any CPU
		{26A17A91-1E36-427D-BE92-79D6EFCC7BD5}.Debug|Any CPU.ActiveCfg = Debug|Any CPU
		{26A17A91-1E36-427D-BE92-79D6EFCC7BD5}.Debug|Any CPU.Build.0 = Debug|Any CPU
		{26A17A91-1E36-427D-BE92-79D6EFCC7BD5}.Debug|x64.ActiveCfg = Debug|Any CPU
		{26A17A91-1E36-427D-BE92-79D6EFCC7BD5}.Debug|x64.Build.0 = Debug|Any CPU
		{26A17A91-1E36-427D-BE92-79D6EFCC7BD5}.Debug|x86.ActiveCfg = Debug|Any CPU
		{26A17A91-1E36-427D-BE92-79D6EFCC7BD5}.Debug|x86.Build.0 = Debug|Any CPU
		{26A17A91-1E36-427D-BE92-79D6EFCC7BD5}.Release|Any CPU.ActiveCfg = Release|Any CPU
		{26A17A91-1E36-427D-BE92-79D6EFCC7BD5}.Release|Any CPU.Build.0 = Release|Any CPU
		{26A17A91-1E36-427D-BE92-79D6EFCC7BD5}.Release|x64.ActiveCfg = Release|Any CPU
		{26A17A91-1E36-427D-BE92-79D6EFCC7BD5}.Release|x64.Build.0 = Release|Any CPU
		{26A17A91-1E36-427D-BE92-79D6EFCC7BD5}.Release|x86.ActiveCfg = Release|Any CPU
		{26A17A91-1E36-427D-BE92-79D6EFCC7BD5}.Release|x86.Build.0 = Release|Any CPU
		{530AE438-2B22-449D-ABF9-88A75C4129EC}.Debug|Any CPU.ActiveCfg = Debug|Any CPU
		{530AE438-2B22-449D-ABF9-88A75C4129EC}.Debug|Any CPU.Build.0 = Debug|Any CPU
		{530AE438-2B22-449D-ABF9-88A75C4129EC}.Debug|x64.ActiveCfg = Debug|Any CPU
		{530AE438-2B22-449D-ABF9-88A75C4129EC}.Debug|x64.Build.0 = Debug|Any CPU
		{530AE438-2B22-449D-ABF9-88A75C4129EC}.Debug|x86.ActiveCfg = Debug|Any CPU
		{530AE438-2B22-449D-ABF9-88A75C4129EC}.Debug|x86.Build.0 = Debug|Any CPU
		{530AE438-2B22-449D-ABF9-88A75C4129EC}.Release|Any CPU.ActiveCfg = Release|Any CPU
		{530AE438-2B22-449D-ABF9-88A75C4129EC}.Release|Any CPU.Build.0 = Release|Any CPU
		{530AE438-2B22-449D-ABF9-88A75C4129EC}.Release|x64.ActiveCfg = Release|Any CPU
		{530AE438-2B22-449D-ABF9-88A75C4129EC}.Release|x64.Build.0 = Release|Any CPU
		{530AE438-2B22-449D-ABF9-88A75C4129EC}.Release|x86.ActiveCfg = Release|Any CPU
		{530AE438-2B22-449D-ABF9-88A75C4129EC}.Release|x86.Build.0 = Release|Any CPU
		{AC5DAE6A-917C-4FB2-B631-747CB94C1C2C}.Debug|Any CPU.ActiveCfg = Debug|Any CPU
		{AC5DAE6A-917C-4FB2-B631-747CB94C1C2C}.Debug|Any CPU.Build.0 = Debug|Any CPU
		{AC5DAE6A-917C-4FB2-B631-747CB94C1C2C}.Debug|x64.ActiveCfg = Debug|Any CPU
		{AC5DAE6A-917C-4FB2-B631-747CB94C1C2C}.Debug|x64.Build.0 = Debug|Any CPU
		{AC5DAE6A-917C-4FB2-B631-747CB94C1C2C}.Debug|x86.ActiveCfg = Debug|Any CPU
		{AC5DAE6A-917C-4FB2-B631-747CB94C1C2C}.Debug|x86.Build.0 = Debug|Any CPU
		{AC5DAE6A-917C-4FB2-B631-747CB94C1C2C}.Release|Any CPU.ActiveCfg = Release|Any CPU
		{AC5DAE6A-917C-4FB2-B631-747CB94C1C2C}.Release|Any CPU.Build.0 = Release|Any CPU
		{AC5DAE6A-917C-4FB2-B631-747CB94C1C2C}.Release|x64.ActiveCfg = Release|Any CPU
		{AC5DAE6A-917C-4FB2-B631-747CB94C1C2C}.Release|x64.Build.0 = Release|Any CPU
		{AC5DAE6A-917C-4FB2-B631-747CB94C1C2C}.Release|x86.ActiveCfg = Release|Any CPU
		{AC5DAE6A-917C-4FB2-B631-747CB94C1C2C}.Release|x86.Build.0 = Release|Any CPU
	EndGlobalSection
	GlobalSection(SolutionProperties) = preSolution
		HideSolutionNode = FALSE
	EndGlobalSection
	GlobalSection(NestedProjects) = preSolution
		{AAA369EF-30E9-4F6A-848F-F4D100625431} = {F7BB401B-D532-4292-8050-4C6F98ED1CEA}
		{2AC8C390-D679-4212-8EBA-AAF262729510} = {80C45264-7EF1-413C-9C1B-6C8BD70C7FA3}
		{0D3262A2-B3F1-45FE-9AC7-F19987C47D9D} = {80C45264-7EF1-413C-9C1B-6C8BD70C7FA3}
		{26A17A91-1E36-427D-BE92-79D6EFCC7BD5} = {F7BB401B-D532-4292-8050-4C6F98ED1CEA}
		{530AE438-2B22-449D-ABF9-88A75C4129EC} = {80C45264-7EF1-413C-9C1B-6C8BD70C7FA3}
		{AC5DAE6A-917C-4FB2-B631-747CB94C1C2C} = {F7BB401B-D532-4292-8050-4C6F98ED1CEA}
	EndGlobalSection
	GlobalSection(ExtensibilityGlobals) = postSolution
		SolutionGuid = {0A5C18BB-C453-47FE-A6E5-87F4E742C6B7}
	EndGlobalSection
EndGlobal
